
Microsoft Visual Studio Solution File, Format Version 12.00
# Visual Studio Version 16
VisualStudioVersion = 16.0.30907.101
MinimumVisualStudioVersion = 10.0.40219.1
Project("{9A19103F-16F7-4668-BE54-9A1E7A4F7556}") = "DataAccess", "DataAccess\DataAccess.csproj", "{52B2DD85-01FC-4B06-AB33-DFE5EF4401BE}"
EndProject
Project("{9A19103F-16F7-4668-BE54-9A1E7A4F7556}") = "Business", "Business\Business.csproj", "{EC48B432-5F74-479B-8516-D6374867C282}"
EndProject
Project("{9A19103F-16F7-4668-BE54-9A1E7A4F7556}") = "Entities", "Entities\Entities.csproj", "{56943674-20F0-4A29-B285-637A03AEA6EB}"
EndProject
Project("{9A19103F-16F7-4668-BE54-9A1E7A4F7556}") = "ConsoleUI", "ConsoleUI\ConsoleUI.csproj", "{F37D5D88-1C12-45E4-BD3B-A50A79051297}"
EndProject
Project("{9A19103F-16F7-4668-BE54-9A1E7A4F7556}") = "Core", "Core\Core.csproj", "{F436F6C2-4B5A-44B3-A92E-4AF201B46B1E}"
EndProject
Global
	GlobalSection(SolutionConfigurationPlatforms) = preSolution
		Debug|Any CPU = Debug|Any CPU
		Release|Any CPU = Release|Any CPU
	EndGlobalSection
	GlobalSection(ProjectConfigurationPlatforms) = postSolution
		{52B2DD85-01FC-4B06-AB33-DFE5EF4401BE}.Debug|Any CPU.ActiveCfg = Debug|Any CPU
		{52B2DD85-01FC-4B06-AB33-DFE5EF4401BE}.Debug|Any CPU.Build.0 = Debug|Any CPU
		{52B2DD85-01FC-4B06-AB33-DFE5EF4401BE}.Release|Any CPU.ActiveCfg = Release|Any CPU
		{52B2DD85-01FC-4B06-AB33-DFE5EF4401BE}.Release|Any CPU.Build.0 = Release|Any CPU
		{EC48B432-5F74-479B-8516-D6374867C282}.Debug|Any CPU.ActiveCfg = Debug|Any CPU
		{EC48B432-5F74-479B-8516-D6374867C282}.Debug|Any CPU.Build.0 = Debug|Any CPU
		{EC48B432-5F74-479B-8516-D6374867C282}.Release|Any CPU.ActiveCfg = Release|Any CPU
		{EC48B432-5F74-479B-8516-D6374867C282}.Release|Any CPU.Build.0 = Release|Any CPU
		{56943674-20F0-4A29-B285-637A03AEA6EB}.Debug|Any CPU.ActiveCfg = Debug|Any CPU
		{56943674-20F0-4A29-B285-637A03AEA6EB}.Debug|Any CPU.Build.0 = Debug|Any CPU
		{56943674-20F0-4A29-B285-637A03AEA6EB}.Release|Any CPU.ActiveCfg = Release|Any CPU
		{56943674-20F0-4A29-B285-637A03AEA6EB}.Release|Any CPU.Build.0 = Release|Any CPU
		{F37D5D88-1C12-45E4-BD3B-A50A79051297}.Debug|Any CPU.ActiveCfg = Debug|Any CPU
		{F37D5D88-1C12-45E4-BD3B-A50A79051297}.Debug|Any CPU.Build.0 = Debug|Any CPU
		{F37D5D88-1C12-45E4-BD3B-A50A79051297}.Release|Any CPU.ActiveCfg = Release|Any CPU
		{F37D5D88-1C12-45E4-BD3B-A50A79051297}.Release|Any CPU.Build.0 = Release|Any CPU
		{F436F6C2-4B5A-44B3-A92E-4AF201B46B1E}.Debug|Any CPU.ActiveCfg = Debug|Any CPU
		{F436F6C2-4B5A-44B3-A92E-4AF201B46B1E}.Debug|Any CPU.Build.0 = Debug|Any CPU
		{F436F6C2-4B5A-44B3-A92E-4AF201B46B1E}.Release|Any CPU.ActiveCfg = Release|Any CPU
		{F436F6C2-4B5A-44B3-A92E-4AF201B46B1E}.Release|Any CPU.Build.0 = Release|Any CPU
	EndGlobalSection
	GlobalSection(SolutionProperties) = preSolution
		HideSolutionNode = FALSE
	EndGlobalSection
	GlobalSection(ExtensibilityGlobals) = postSolution
		SolutionGuid = {9E0BF166-1AA5-42A9-8048-74C24A7AA3DE}
	EndGlobalSection
EndGlobal
